
Microsoft Visual Studio Solution File, Format Version 12.00
# Visual Studio Version 17
VisualStudioVersion = 17.10.35122.118
MinimumVisualStudioVersion = 10.0.40219.1
Project("{9A19103F-16F7-4668-BE54-9A1E7A4F7556}") = "TP2KittikhounHugo", "TP2KittikhounHugo\TP2KittikhounHugo.csproj", "{6FB6A9B1-F019-4A5A-97B4-F0B3463CA96C}"
EndProject
Project("{2150E333-8FDC-42A3-9474-1A3956D46DE8}") = "Solution Items", "Solution Items", "{7697AEF9-4170-4B53-8D14-9409AFE0AF70}"
	ProjectSection(SolutionItems) = preProject
		.editorconfig = .editorconfig
	EndProjectSection
EndProject
Global
	GlobalSection(SolutionConfigurationPlatforms) = preSolution
		Debug|Any CPU = Debug|Any CPU
		Release|Any CPU = Release|Any CPU
	EndGlobalSection
	GlobalSection(ProjectConfigurationPlatforms) = postSolution
		{6FB6A9B1-F019-4A5A-97B4-F0B3463CA96C}.Debug|Any CPU.ActiveCfg = Debug|Any CPU
		{6FB6A9B1-F019-4A5A-97B4-F0B3463CA96C}.Debug|Any CPU.Build.0 = Debug|Any CPU
		{6FB6A9B1-F019-4A5A-97B4-F0B3463CA96C}.Release|Any CPU.ActiveCfg = Release|Any CPU
		{6FB6A9B1-F019-4A5A-97B4-F0B3463CA96C}.Release|Any CPU.Build.0 = Release|Any CPU
	EndGlobalSection
	GlobalSection(SolutionProperties) = preSolution
		HideSolutionNode = FALSE
	EndGlobalSection
	GlobalSection(ExtensibilityGlobals) = postSolution
		SolutionGuid = {56A231C1-E443-4812-9162-91C100F30608}
	EndGlobalSection
EndGlobal
